// !$*UTF8*$!
{
	archiveVersion = 1;
	classes = {
	};
	objectVersion = 46;
	objects = {

/* Begin PBXBuildFile section */
		4541DDF1CB6A496185CA2862 /* libPods.a in Frameworks */ = {isa = PBXBuildFile; fileRef = 13A49FBB575B4B0D8735F88A /* libPods.a */; };
		6DC66C5E16058157007B0F36 /* UIKit.framework in Frameworks */ = {isa = PBXBuildFile; fileRef = 6DC66C5D16058157007B0F36 /* UIKit.framework */; };
		6DC66C6016058157007B0F36 /* Foundation.framework in Frameworks */ = {isa = PBXBuildFile; fileRef = 6DC66C5F16058157007B0F36 /* Foundation.framework */; };
		6DC66C6216058157007B0F36 /* CoreGraphics.framework in Frameworks */ = {isa = PBXBuildFile; fileRef = 6DC66C6116058157007B0F36 /* CoreGraphics.framework */; };
		6DC66C6816058157007B0F36 /* InfoPlist.strings in Resources */ = {isa = PBXBuildFile; fileRef = 6DC66C6616058157007B0F36 /* InfoPlist.strings */; };
		6DC66C6A16058157007B0F36 /* main.m in Sources */ = {isa = PBXBuildFile; fileRef = 6DC66C6916058157007B0F36 /* main.m */; };
		6DC66C6E16058157007B0F36 /* AppDelegate.m in Sources */ = {isa = PBXBuildFile; fileRef = 6DC66C6D16058157007B0F36 /* AppDelegate.m */; };
		6DC66C7616058157007B0F36 /* SenTestingKit.framework in Frameworks */ = {isa = PBXBuildFile; fileRef = 6DC66C7516058157007B0F36 /* SenTestingKit.framework */; };
		6DC66C7716058157007B0F36 /* UIKit.framework in Frameworks */ = {isa = PBXBuildFile; fileRef = 6DC66C5D16058157007B0F36 /* UIKit.framework */; };
		6DC66C7816058157007B0F36 /* Foundation.framework in Frameworks */ = {isa = PBXBuildFile; fileRef = 6DC66C5F16058157007B0F36 /* Foundation.framework */; };
		6DC66C8016058157007B0F36 /* InfoPlist.strings in Resources */ = {isa = PBXBuildFile; fileRef = 6DC66C7E16058157007B0F36 /* InfoPlist.strings */; };
		6DC66C8316058157007B0F36 /* BuzzwordBingoTests.m in Sources */ = {isa = PBXBuildFile; fileRef = 6DC66C8216058157007B0F36 /* BuzzwordBingoTests.m */; };
		6DC66C8F16058197007B0F36 /* WordList.m in Sources */ = {isa = PBXBuildFile; fileRef = 6DC66C8E16058197007B0F36 /* WordList.m */; };
		6DC66C96160584C1007B0F36 /* NSArray+jal_shuffle.m in Sources */ = {isa = PBXBuildFile; fileRef = 6DC66C95160584C1007B0F36 /* NSArray+jal_shuffle.m */; };
		6DC66C99160586FA007B0F36 /* JALBoard.m in Sources */ = {isa = PBXBuildFile; fileRef = 6DC66C98160586FA007B0F36 /* JALBoard.m */; };
		6DC66C9C16058724007B0F36 /* JALBoardTests.m in Sources */ = {isa = PBXBuildFile; fileRef = 6DC66C9B16058724007B0F36 /* JALBoardTests.m */; };
		6DC66C9F1605879C007B0F36 /* JALSpace.m in Sources */ = {isa = PBXBuildFile; fileRef = 6DC66C9E1605879C007B0F36 /* JALSpace.m */; };
/* End PBXBuildFile section */

/* Begin PBXContainerItemProxy section */
		6DC66C7916058157007B0F36 /* PBXContainerItemProxy */ = {
			isa = PBXContainerItemProxy;
			containerPortal = 6DC66C5016058157007B0F36 /* Project object */;
			proxyType = 1;
			remoteGlobalIDString = 6DC66C5816058157007B0F36;
			remoteInfo = BuzzwordBingo;
		};
/* End PBXContainerItemProxy section */

/* Begin PBXFileReference section */
		09EC1AF2EB2D49FC8AD35A85 /* Pods.xcconfig */ = {isa = PBXFileReference; includeInIndex = 1; lastKnownFileType = text.xcconfig; name = Pods.xcconfig; path = Pods/Pods.xcconfig; sourceTree = SOURCE_ROOT; };
		13A49FBB575B4B0D8735F88A /* libPods.a */ = {isa = PBXFileReference; explicitFileType = archive.ar; includeInIndex = 0; path = libPods.a; sourceTree = BUILT_PRODUCTS_DIR; };
		6DC66C5916058157007B0F36 /* BuzzwordBingo.app */ = {isa = PBXFileReference; explicitFileType = wrapper.application; includeInIndex = 0; path = BuzzwordBingo.app; sourceTree = BUILT_PRODUCTS_DIR; };
		6DC66C5D16058157007B0F36 /* UIKit.framework */ = {isa = PBXFileReference; includeInIndex = 1; lastKnownFileType = wrapper.framework; name = UIKit.framework; path = System/Library/Frameworks/UIKit.framework; sourceTree = SDKROOT; };
		6DC66C5F16058157007B0F36 /* Foundation.framework */ = {isa = PBXFileReference; includeInIndex = 1; lastKnownFileType = wrapper.framework; name = Foundation.framework; path = System/Library/Frameworks/Foundation.framework; sourceTree = SDKROOT; };
		6DC66C6116058157007B0F36 /* CoreGraphics.framework */ = {isa = PBXFileReference; includeInIndex = 1; lastKnownFileType = wrapper.framework; name = CoreGraphics.framework; path = System/Library/Frameworks/CoreGraphics.framework; sourceTree = SDKROOT; };
		6DC66C6516058157007B0F36 /* BuzzwordBingo-Info.plist */ = {isa = PBXFileReference; lastKnownFileType = text.plist.xml; path = "BuzzwordBingo-Info.plist"; sourceTree = "<group>"; };
		6DC66C6716058157007B0F36 /* en */ = {isa = PBXFileReference; lastKnownFileType = text.plist.strings; name = en; path = en.lproj/InfoPlist.strings; sourceTree = "<group>"; };
		6DC66C6916058157007B0F36 /* main.m */ = {isa = PBXFileReference; lastKnownFileType = sourcecode.c.objc; path = main.m; sourceTree = "<group>"; };
		6DC66C6B16058157007B0F36 /* BuzzwordBingo-Prefix.pch */ = {isa = PBXFileReference; lastKnownFileType = sourcecode.c.h; path = "BuzzwordBingo-Prefix.pch"; sourceTree = "<group>"; };
		6DC66C6C16058157007B0F36 /* AppDelegate.h */ = {isa = PBXFileReference; lastKnownFileType = sourcecode.c.h; path = AppDelegate.h; sourceTree = "<group>"; };
		6DC66C6D16058157007B0F36 /* AppDelegate.m */ = {isa = PBXFileReference; lastKnownFileType = sourcecode.c.objc; path = AppDelegate.m; sourceTree = "<group>"; };
		6DC66C7416058157007B0F36 /* BuzzwordBingoTests.octest */ = {isa = PBXFileReference; explicitFileType = wrapper.cfbundle; includeInIndex = 0; path = BuzzwordBingoTests.octest; sourceTree = BUILT_PRODUCTS_DIR; };
		6DC66C7516058157007B0F36 /* SenTestingKit.framework */ = {isa = PBXFileReference; lastKnownFileType = wrapper.framework; name = SenTestingKit.framework; path = Library/Frameworks/SenTestingKit.framework; sourceTree = DEVELOPER_DIR; };
		6DC66C7D16058157007B0F36 /* BuzzwordBingoTests-Info.plist */ = {isa = PBXFileReference; lastKnownFileType = text.plist.xml; path = "BuzzwordBingoTests-Info.plist"; sourceTree = "<group>"; };
		6DC66C7F16058157007B0F36 /* en */ = {isa = PBXFileReference; lastKnownFileType = text.plist.strings; name = en; path = en.lproj/InfoPlist.strings; sourceTree = "<group>"; };
		6DC66C8116058157007B0F36 /* BuzzwordBingoTests.h */ = {isa = PBXFileReference; lastKnownFileType = sourcecode.c.h; path = BuzzwordBingoTests.h; sourceTree = "<group>"; };
		6DC66C8216058157007B0F36 /* BuzzwordBingoTests.m */ = {isa = PBXFileReference; lastKnownFileType = sourcecode.c.objc; path = BuzzwordBingoTests.m; sourceTree = "<group>"; };
		6DC66C8D16058197007B0F36 /* WordList.h */ = {isa = PBXFileReference; fileEncoding = 4; lastKnownFileType = sourcecode.c.h; name = WordList.h; path = Models/WordList.h; sourceTree = "<group>"; };
		6DC66C8E16058197007B0F36 /* WordList.m */ = {isa = PBXFileReference; fileEncoding = 4; lastKnownFileType = sourcecode.c.objc; name = WordList.m; path = Models/WordList.m; sourceTree = "<group>"; };
		6DC66C94160584C1007B0F36 /* NSArray+jal_shuffle.h */ = {isa = PBXFileReference; fileEncoding = 4; lastKnownFileType = sourcecode.c.h; name = "NSArray+jal_shuffle.h"; path = "Categories/NSArray+jal_shuffle.h"; sourceTree = "<group>"; };
		6DC66C95160584C1007B0F36 /* NSArray+jal_shuffle.m */ = {isa = PBXFileReference; fileEncoding = 4; lastKnownFileType = sourcecode.c.objc; name = "NSArray+jal_shuffle.m"; path = "Categories/NSArray+jal_shuffle.m"; sourceTree = "<group>"; };
		6DC66C97160586FA007B0F36 /* JALBoard.h */ = {isa = PBXFileReference; fileEncoding = 4; lastKnownFileType = sourcecode.c.h; name = JALBoard.h; path = Models/JALBoard.h; sourceTree = "<group>"; };
		6DC66C98160586FA007B0F36 /* JALBoard.m */ = {isa = PBXFileReference; fileEncoding = 4; lastKnownFileType = sourcecode.c.objc; name = JALBoard.m; path = Models/JALBoard.m; sourceTree = "<group>"; };
		6DC66C9A16058724007B0F36 /* JALBoardTests.h */ = {isa = PBXFileReference; fileEncoding = 4; lastKnownFileType = sourcecode.c.h; path = JALBoardTests.h; sourceTree = "<group>"; };
		6DC66C9B16058724007B0F36 /* JALBoardTests.m */ = {isa = PBXFileReference; fileEncoding = 4; lastKnownFileType = sourcecode.c.objc; path = JALBoardTests.m; sourceTree = "<group>"; };
		6DC66C9D1605879C007B0F36 /* JALSpace.h */ = {isa = PBXFileReference; fileEncoding = 4; lastKnownFileType = sourcecode.c.h; name = JALSpace.h; path = Models/JALSpace.h; sourceTree = "<group>"; };
		6DC66C9E1605879C007B0F36 /* JALSpace.m */ = {isa = PBXFileReference; fileEncoding = 4; lastKnownFileType = sourcecode.c.objc; name = JALSpace.m; path = Models/JALSpace.m; sourceTree = "<group>"; };
/* End PBXFileReference section */

/* Begin PBXFrameworksBuildPhase section */
		6DC66C5616058157007B0F36 /* Frameworks */ = {
			isa = PBXFrameworksBuildPhase;
			buildActionMask = 2147483647;
			files = (
				6DC66C5E16058157007B0F36 /* UIKit.framework in Frameworks */,
				6DC66C6016058157007B0F36 /* Foundation.framework in Frameworks */,
				6DC66C6216058157007B0F36 /* CoreGraphics.framework in Frameworks */,
				4541DDF1CB6A496185CA2862 /* libPods.a in Frameworks */,
			);
			runOnlyForDeploymentPostprocessing = 0;
		};
		6DC66C7016058157007B0F36 /* Frameworks */ = {
			isa = PBXFrameworksBuildPhase;
			buildActionMask = 2147483647;
			files = (
				6DC66C7616058157007B0F36 /* SenTestingKit.framework in Frameworks */,
				6DC66C7716058157007B0F36 /* UIKit.framework in Frameworks */,
				6DC66C7816058157007B0F36 /* Foundation.framework in Frameworks */,
			);
			runOnlyForDeploymentPostprocessing = 0;
		};
/* End PBXFrameworksBuildPhase section */

/* Begin PBXGroup section */
		6DC66C4E16058157007B0F36 = {
			isa = PBXGroup;
			children = (
				6DC66C6316058157007B0F36 /* BuzzwordBingo */,
				6DC66C7B16058157007B0F36 /* BuzzwordBingoTests */,
				6DC66C5C16058157007B0F36 /* Frameworks */,
				6DC66C5A16058157007B0F36 /* Products */,
				09EC1AF2EB2D49FC8AD35A85 /* Pods.xcconfig */,
			);
			sourceTree = "<group>";
		};
		6DC66C5A16058157007B0F36 /* Products */ = {
			isa = PBXGroup;
			children = (
				6DC66C5916058157007B0F36 /* BuzzwordBingo.app */,
				6DC66C7416058157007B0F36 /* BuzzwordBingoTests.octest */,
			);
			name = Products;
			sourceTree = "<group>";
		};
		6DC66C5C16058157007B0F36 /* Frameworks */ = {
			isa = PBXGroup;
			children = (
				6DC66C5D16058157007B0F36 /* UIKit.framework */,
				6DC66C5F16058157007B0F36 /* Foundation.framework */,
				6DC66C6116058157007B0F36 /* CoreGraphics.framework */,
				6DC66C7516058157007B0F36 /* SenTestingKit.framework */,
				13A49FBB575B4B0D8735F88A /* libPods.a */,
			);
			name = Frameworks;
			sourceTree = "<group>";
		};
		6DC66C6316058157007B0F36 /* BuzzwordBingo */ = {
			isa = PBXGroup;
			children = (
				6DC66C9016058444007B0F36 /* Categories */,
				6DC66C6C16058157007B0F36 /* AppDelegate.h */,
				6DC66C8C16058170007B0F36 /* Models */,
				6DC66C6D16058157007B0F36 /* AppDelegate.m */,
				6DC66C6416058157007B0F36 /* Supporting Files */,
			);
			path = BuzzwordBingo;
			sourceTree = "<group>";
		};
		6DC66C6416058157007B0F36 /* Supporting Files */ = {
			isa = PBXGroup;
			children = (
				6DC66C6516058157007B0F36 /* BuzzwordBingo-Info.plist */,
				6DC66C6616058157007B0F36 /* InfoPlist.strings */,
				6DC66C6916058157007B0F36 /* main.m */,
				6DC66C6B16058157007B0F36 /* BuzzwordBingo-Prefix.pch */,
			);
			name = "Supporting Files";
			sourceTree = "<group>";
		};
		6DC66C7B16058157007B0F36 /* BuzzwordBingoTests */ = {
			isa = PBXGroup;
			children = (
				6DC66C8116058157007B0F36 /* BuzzwordBingoTests.h */,
				6DC66C8216058157007B0F36 /* BuzzwordBingoTests.m */,
				6DC66C7C16058157007B0F36 /* Supporting Files */,
				6DC66C9A16058724007B0F36 /* JALBoardTests.h */,
				6DC66C9B16058724007B0F36 /* JALBoardTests.m */,
			);
			path = BuzzwordBingoTests;
			sourceTree = "<group>";
		};
		6DC66C7C16058157007B0F36 /* Supporting Files */ = {
			isa = PBXGroup;
			children = (
				6DC66C7D16058157007B0F36 /* BuzzwordBingoTests-Info.plist */,
				6DC66C7E16058157007B0F36 /* InfoPlist.strings */,
			);
			name = "Supporting Files";
			sourceTree = "<group>";
		};
		6DC66C8C16058170007B0F36 /* Models */ = {
			isa = PBXGroup;
			children = (
				6DC66C8D16058197007B0F36 /* WordList.h */,
				6DC66C8E16058197007B0F36 /* WordList.m */,
				6DC66C97160586FA007B0F36 /* JALBoard.h */,
				6DC66C98160586FA007B0F36 /* JALBoard.m */,
				6DC66C9D1605879C007B0F36 /* JALSpace.h */,
				6DC66C9E1605879C007B0F36 /* JALSpace.m */,
			);
			name = Models;
			sourceTree = "<group>";
		};
		6DC66C9016058444007B0F36 /* Categories */ = {
			isa = PBXGroup;
			children = (
				6DC66C94160584C1007B0F36 /* NSArray+jal_shuffle.h */,
				6DC66C95160584C1007B0F36 /* NSArray+jal_shuffle.m */,
			);
			name = Categories;
			sourceTree = "<group>";
		};
/* End PBXGroup section */

/* Begin PBXNativeTarget section */
		6DC66C5816058157007B0F36 /* BuzzwordBingo */ = {
			isa = PBXNativeTarget;
			buildConfigurationList = 6DC66C8616058157007B0F36 /* Build configuration list for PBXNativeTarget "BuzzwordBingo" */;
			buildPhases = (
				6DC66C5516058157007B0F36 /* Sources */,
				6DC66C5616058157007B0F36 /* Frameworks */,
				6DC66C5716058157007B0F36 /* Resources */,
				12710CCD23344D77B51B6918 /* Copy Pods Resources */,
			);
			buildRules = (
			);
			dependencies = (
			);
			name = BuzzwordBingo;
			productName = BuzzwordBingo;
			productReference = 6DC66C5916058157007B0F36 /* BuzzwordBingo.app */;
			productType = "com.apple.product-type.application";
		};
		6DC66C7316058157007B0F36 /* BuzzwordBingoTests */ = {
			isa = PBXNativeTarget;
			buildConfigurationList = 6DC66C8916058157007B0F36 /* Build configuration list for PBXNativeTarget "BuzzwordBingoTests" */;
			buildPhases = (
				6DC66C6F16058157007B0F36 /* Sources */,
				6DC66C7016058157007B0F36 /* Frameworks */,
				6DC66C7116058157007B0F36 /* Resources */,
				6DC66C7216058157007B0F36 /* ShellScript */,
			);
			buildRules = (
			);
			dependencies = (
				6DC66C7A16058157007B0F36 /* PBXTargetDependency */,
			);
			name = BuzzwordBingoTests;
			productName = BuzzwordBingoTests;
			productReference = 6DC66C7416058157007B0F36 /* BuzzwordBingoTests.octest */;
			productType = "com.apple.product-type.bundle";
		};
/* End PBXNativeTarget section */

/* Begin PBXProject section */
		6DC66C5016058157007B0F36 /* Project object */ = {
			isa = PBXProject;
			attributes = {
				LastUpgradeCheck = 0440;
				ORGANIZATIONNAME = "Jamie Ly";
			};
			buildConfigurationList = 6DC66C5316058157007B0F36 /* Build configuration list for PBXProject "BuzzwordBingo" */;
			compatibilityVersion = "Xcode 3.2";
			developmentRegion = English;
			hasScannedForEncodings = 0;
			knownRegions = (
				en,
			);
			mainGroup = 6DC66C4E16058157007B0F36;
			productRefGroup = 6DC66C5A16058157007B0F36 /* Products */;
			projectDirPath = "";
			projectRoot = "";
			targets = (
				6DC66C5816058157007B0F36 /* BuzzwordBingo */,
				6DC66C7316058157007B0F36 /* BuzzwordBingoTests */,
			);
		};
/* End PBXProject section */

/* Begin PBXResourcesBuildPhase section */
		6DC66C5716058157007B0F36 /* Resources */ = {
			isa = PBXResourcesBuildPhase;
			buildActionMask = 2147483647;
			files = (
				6DC66C6816058157007B0F36 /* InfoPlist.strings in Resources */,
			);
			runOnlyForDeploymentPostprocessing = 0;
		};
		6DC66C7116058157007B0F36 /* Resources */ = {
			isa = PBXResourcesBuildPhase;
			buildActionMask = 2147483647;
			files = (
				6DC66C8016058157007B0F36 /* InfoPlist.strings in Resources */,
			);
			runOnlyForDeploymentPostprocessing = 0;
		};
/* End PBXResourcesBuildPhase section */

/* Begin PBXShellScriptBuildPhase section */
		12710CCD23344D77B51B6918 /* Copy Pods Resources */ = {
			isa = PBXShellScriptBuildPhase;
			buildActionMask = 2147483647;
			files = (
			);
			inputPaths = (
			);
			name = "Copy Pods Resources";
			outputPaths = (
			);
			runOnlyForDeploymentPostprocessing = 0;
			shellPath = /bin/sh;
			shellScript = "\"${SRCROOT}/Pods/Pods-resources.sh\"\n";
		};
		6DC66C7216058157007B0F36 /* ShellScript */ = {
			isa = PBXShellScriptBuildPhase;
			buildActionMask = 2147483647;
			files = (
			);
			inputPaths = (
			);
			outputPaths = (
			);
			runOnlyForDeploymentPostprocessing = 0;
			shellPath = /bin/sh;
			shellScript = "# Run the unit tests in this test bundle.\n\"${SYSTEM_DEVELOPER_DIR}/Tools/RunUnitTests\"\n";
		};
/* End PBXShellScriptBuildPhase section */

/* Begin PBXSourcesBuildPhase section */
		6DC66C5516058157007B0F36 /* Sources */ = {
			isa = PBXSourcesBuildPhase;
			buildActionMask = 2147483647;
			files = (
				6DC66C6A16058157007B0F36 /* main.m in Sources */,
				6DC66C6E16058157007B0F36 /* AppDelegate.m in Sources */,
				6DC66C8F16058197007B0F36 /* WordList.m in Sources */,
				6DC66C96160584C1007B0F36 /* NSArray+jal_shuffle.m in Sources */,
				6DC66C99160586FA007B0F36 /* JALBoard.m in Sources */,
				6DC66C9F1605879C007B0F36 /* JALSpace.m in Sources */,
			);
			runOnlyForDeploymentPostprocessing = 0;
		};
		6DC66C6F16058157007B0F36 /* Sources */ = {
			isa = PBXSourcesBuildPhase;
			buildActionMask = 2147483647;
			files = (
				6DC66C8316058157007B0F36 /* BuzzwordBingoTests.m in Sources */,
				6DC66C9C16058724007B0F36 /* JALBoardTests.m in Sources */,
			);
			runOnlyForDeploymentPostprocessing = 0;
		};
/* End PBXSourcesBuildPhase section */

/* Begin PBXTargetDependency section */
		6DC66C7A16058157007B0F36 /* PBXTargetDependency */ = {
			isa = PBXTargetDependency;
			target = 6DC66C5816058157007B0F36 /* BuzzwordBingo */;
			targetProxy = 6DC66C7916058157007B0F36 /* PBXContainerItemProxy */;
		};
/* End PBXTargetDependency section */

/* Begin PBXVariantGroup section */
		6DC66C6616058157007B0F36 /* InfoPlist.strings */ = {
			isa = PBXVariantGroup;
			children = (
				6DC66C6716058157007B0F36 /* en */,
			);
			name = InfoPlist.strings;
			sourceTree = "<group>";
		};
		6DC66C7E16058157007B0F36 /* InfoPlist.strings */ = {
			isa = PBXVariantGroup;
			children = (
				6DC66C7F16058157007B0F36 /* en */,
			);
			name = InfoPlist.strings;
			sourceTree = "<group>";
		};
/* End PBXVariantGroup section */

/* Begin XCBuildConfiguration section */
		6DC66C8416058157007B0F36 /* Debug */ = {
			isa = XCBuildConfiguration;
			buildSettings = {
				ALWAYS_SEARCH_USER_PATHS = NO;
				ARCHS = "$(ARCHS_STANDARD_32_BIT)";
				CLANG_CXX_LANGUAGE_STANDARD = "gnu++0x";
				CLANG_ENABLE_OBJC_ARC = YES;
				CLANG_WARN__DUPLICATE_METHOD_MATCH = YES;
				"CODE_SIGN_IDENTITY[sdk=iphoneos*]" = "iPhone Developer";
				COPY_PHASE_STRIP = NO;
				GCC_C_LANGUAGE_STANDARD = gnu99;
				GCC_DYNAMIC_NO_PIC = NO;
				GCC_OPTIMIZATION_LEVEL = 0;
				GCC_PREPROCESSOR_DEFINITIONS = (
					"DEBUG=1",
					"$(inherited)",
				);
				GCC_SYMBOLS_PRIVATE_EXTERN = NO;
				GCC_VERSION = com.apple.compilers.llvm.clang.1_0;
				GCC_WARN_ABOUT_RETURN_TYPE = YES;
				GCC_WARN_UNINITIALIZED_AUTOS = YES;
				GCC_WARN_UNUSED_VARIABLE = YES;
				IPHONEOS_DEPLOYMENT_TARGET = 5.1;
				SDKROOT = iphoneos;
				TARGETED_DEVICE_FAMILY = "1,2";
			};
			name = Debug;
		};
		6DC66C8516058157007B0F36 /* Release */ = {
			isa = XCBuildConfiguration;
			buildSettings = {
				ALWAYS_SEARCH_USER_PATHS = NO;
				ARCHS = "$(ARCHS_STANDARD_32_BIT)";
				CLANG_CXX_LANGUAGE_STANDARD = "gnu++0x";
				CLANG_ENABLE_OBJC_ARC = YES;
				CLANG_WARN__DUPLICATE_METHOD_MATCH = YES;
				"CODE_SIGN_IDENTITY[sdk=iphoneos*]" = "iPhone Developer";
				COPY_PHASE_STRIP = YES;
				GCC_C_LANGUAGE_STANDARD = gnu99;
				GCC_VERSION = com.apple.compilers.llvm.clang.1_0;
				GCC_WARN_ABOUT_RETURN_TYPE = YES;
				GCC_WARN_UNINITIALIZED_AUTOS = YES;
				GCC_WARN_UNUSED_VARIABLE = YES;
				IPHONEOS_DEPLOYMENT_TARGET = 5.1;
				OTHER_CFLAGS = "-DNS_BLOCK_ASSERTIONS=1";
				SDKROOT = iphoneos;
				TARGETED_DEVICE_FAMILY = "1,2";
				VALIDATE_PRODUCT = YES;
			};
			name = Release;
		};
		6DC66C8716058157007B0F36 /* Debug */ = {
			isa = XCBuildConfiguration;
			baseConfigurationReference = 09EC1AF2EB2D49FC8AD35A85 /* Pods.xcconfig */;
			buildSettings = {
				GCC_PRECOMPILE_PREFIX_HEADER = YES;
				GCC_PREFIX_HEADER = "BuzzwordBingo/BuzzwordBingo-Prefix.pch";
				INFOPLIST_FILE = "BuzzwordBingo/BuzzwordBingo-Info.plist";
				PRODUCT_NAME = "$(TARGET_NAME)";
				WRAPPER_EXTENSION = app;
			};
			name = Debug;
		};
		6DC66C8816058157007B0F36 /* Release */ = {
			isa = XCBuildConfiguration;
			baseConfigurationReference = 09EC1AF2EB2D49FC8AD35A85 /* Pods.xcconfig */;
			buildSettings = {
				GCC_PRECOMPILE_PREFIX_HEADER = YES;
				GCC_PREFIX_HEADER = "BuzzwordBingo/BuzzwordBingo-Prefix.pch";
				INFOPLIST_FILE = "BuzzwordBingo/BuzzwordBingo-Info.plist";
				PRODUCT_NAME = "$(TARGET_NAME)";
				WRAPPER_EXTENSION = app;
			};
			name = Release;
		};
		6DC66C8A16058157007B0F36 /* Debug */ = {
			isa = XCBuildConfiguration;
			buildSettings = {
				BUNDLE_LOADER = "$(BUILT_PRODUCTS_DIR)/BuzzwordBingo.app/BuzzwordBingo";
				FRAMEWORK_SEARCH_PATHS = (
					"\"$(SDKROOT)/Developer/Library/Frameworks\"",
					"\"$(DEVELOPER_LIBRARY_DIR)/Frameworks\"",
				);
				GCC_PRECOMPILE_PREFIX_HEADER = YES;
				GCC_PREFIX_HEADER = "BuzzwordBingo/BuzzwordBingo-Prefix.pch";
				INFOPLIST_FILE = "BuzzwordBingoTests/BuzzwordBingoTests-Info.plist";
				PRODUCT_NAME = "$(TARGET_NAME)";
				TEST_HOST = "$(BUNDLE_LOADER)";
				WRAPPER_EXTENSION = octest;
			};
			name = Debug;
		};
		6DC66C8B16058157007B0F36 /* Release */ = {
			isa = XCBuildConfiguration;
			buildSettings = {
				BUNDLE_LOADER = "$(BUILT_PRODUCTS_DIR)/BuzzwordBingo.app/BuzzwordBingo";
				FRAMEWORK_SEARCH_PATHS = (
					"\"$(SDKROOT)/Developer/Library/Frameworks\"",
					"\"$(DEVELOPER_LIBRARY_DIR)/Frameworks\"",
				);
				GCC_PRECOMPILE_PREFIX_HEADER = YES;
				GCC_PREFIX_HEADER = "BuzzwordBingo/BuzzwordBingo-Prefix.pch";
				INFOPLIST_FILE = "BuzzwordBingoTests/BuzzwordBingoTests-Info.plist";
				PRODUCT_NAME = "$(TARGET_NAME)";
				TEST_HOST = "$(BUNDLE_LOADER)";
				WRAPPER_EXTENSION = octest;
			};
			name = Release;
		};
/* End XCBuildConfiguration section */

/* Begin XCConfigurationList section */
		6DC66C5316058157007B0F36 /* Build configuration list for PBXProject "BuzzwordBingo" */ = {
			isa = XCConfigurationList;
			buildConfigurations = (
				6DC66C8416058157007B0F36 /* Debug */,
				6DC66C8516058157007B0F36 /* Release */,
			);
			defaultConfigurationIsVisible = 0;
			defaultConfigurationName = Release;
		};
		6DC66C8616058157007B0F36 /* Build configuration list for PBXNativeTarget "BuzzwordBingo" */ = {
			isa = XCConfigurationList;
			buildConfigurations = (
				6DC66C8716058157007B0F36 /* Debug */,
				6DC66C8816058157007B0F36 /* Release */,
			);
			defaultConfigurationIsVisible = 0;
			defaultConfigurationName = Release;
		};
		6DC66C8916058157007B0F36 /* Build configuration list for PBXNativeTarget "BuzzwordBingoTests" */ = {
			isa = XCConfigurationList;
			buildConfigurations = (
				6DC66C8A16058157007B0F36 /* Debug */,
				6DC66C8B16058157007B0F36 /* Release */,
			);
			defaultConfigurationIsVisible = 0;
			defaultConfigurationName = Release;
		};
/* End XCConfigurationList section */
	};
	rootObject = 6DC66C5016058157007B0F36 /* Project object */;
}
